{
  "name": "virtusb",
  "lockfileVersion": 3,
  "requires": true,
  "packages": {
    "": {
      "dependencies": {
        "node_usbip_server": "^0.4.0"
      }
    },
    "node_modules/node_usbip_server": {
      "version": "0.4.0",
      "resolved": "https://registry.npmjs.org/node_usbip_server/-/node_usbip_server-0.4.0.tgz",
      "integrity": "sha512-5CmTd4Z9KTiHEOnZZg7l35Mu6sG9HavCngwFAV5lrkZyoNV2HFKhsQFJOyZWJTfFR7lFOBoglZyr0EZEGI4vow=="
    }
  }
}
